// !$*UTF8*$!
{
	archiveVersion = 1;
	classes = {
	};
	objectVersion = 50;
	objects = {

/* Begin PBXBuildFile section */
		47F4835EA7B9C62119C66E97 /* Pods_OrienteeringQuizTests.framework in Frameworks */ = {isa = PBXBuildFile; fileRef = A771DE323447967B8A56C52E /* Pods_OrienteeringQuizTests.framework */; };
		5F874B05AA1E5BA8B272ADAF /* Pods_OrienteeringQuizUITests.framework in Frameworks */ = {isa = PBXBuildFile; fileRef = 7E9CCFD98EFD287E9955ADDE /* Pods_OrienteeringQuizUITests.framework */; };
		8B15E15422860051004270F8 /* Double.swift in Sources */ = {isa = PBXBuildFile; fileRef = 8B15E15322860051004270F8 /* Double.swift */; };
		8B3816F0225621BF00B6271D /* AppDelegate.swift in Sources */ = {isa = PBXBuildFile; fileRef = 8B3816EF225621BF00B6271D /* AppDelegate.swift */; };
		8B3816F5225621BF00B6271D /* Main.storyboard in Resources */ = {isa = PBXBuildFile; fileRef = 8B3816F3225621BF00B6271D /* Main.storyboard */; };
		8B3816F7225621C000B6271D /* Assets.xcassets in Resources */ = {isa = PBXBuildFile; fileRef = 8B3816F6225621C000B6271D /* Assets.xcassets */; };
		8B3816FA225621C000B6271D /* LaunchScreen.storyboard in Resources */ = {isa = PBXBuildFile; fileRef = 8B3816F8225621C000B6271D /* LaunchScreen.storyboard */; };
		8B381705225621C000B6271D /* OrienteeringQuizTests.swift in Sources */ = {isa = PBXBuildFile; fileRef = 8B381704225621C000B6271D /* OrienteeringQuizTests.swift */; };
		8B381710225621C000B6271D /* OrienteeringQuizUITests.swift in Sources */ = {isa = PBXBuildFile; fileRef = 8B38170F225621C000B6271D /* OrienteeringQuizUITests.swift */; };
		8B54FCBF2282E9C4005598AF /* designModel.swift in Sources */ = {isa = PBXBuildFile; fileRef = 8B54FCBE2282E9C4005598AF /* designModel.swift */; };
		8B70216C22770A8E0071A45E /* CreateQuizViewController.swift in Sources */ = {isa = PBXBuildFile; fileRef = 8B70216B22770A8E0071A45E /* CreateQuizViewController.swift */; };
		8B7021A822799BCE0071A45E /* PlayQuizViewController.swift in Sources */ = {isa = PBXBuildFile; fileRef = 8B7021A722799BCE0071A45E /* PlayQuizViewController.swift */; };
		8B7021AA2279B3460071A45E /* QuizAnnotation.swift in Sources */ = {isa = PBXBuildFile; fileRef = 8B7021A92279B3460071A45E /* QuizAnnotation.swift */; };
		8B7021AC2279E40A0071A45E /* QuestionAnnotation.swift in Sources */ = {isa = PBXBuildFile; fileRef = 8B7021AB2279E40A0071A45E /* QuestionAnnotation.swift */; };
		8B7A52B7225A52F2003C127F /* GoogleService-Info.plist in Resources */ = {isa = PBXBuildFile; fileRef = 8B7A52B6225A52F2003C127F /* GoogleService-Info.plist */; };
		8BCD077D225CCCA5005ED220 /* MapViewController.swift in Sources */ = {isa = PBXBuildFile; fileRef = 8BCD077C225CCCA5005ED220 /* MapViewController.swift */; };
		8BD4E469225B398100EC4B6F /* FBHelper.swift in Sources */ = {isa = PBXBuildFile; fileRef = 8BD4E468225B398100EC4B6F /* FBHelper.swift */; };
		8BD4E46D225B3A9000EC4B6F /* Question.swift in Sources */ = {isa = PBXBuildFile; fileRef = 8BD4E46C225B3A9000EC4B6F /* Question.swift */; };
		8BD4E46F225B3DBC00EC4B6F /* Quiz.swift in Sources */ = {isa = PBXBuildFile; fileRef = 8BD4E46E225B3DBC00EC4B6F /* Quiz.swift */; };
		C73931F5FD1813D2A3A6D4FE /* Pods_OrienteeringQuiz.framework in Frameworks */ = {isa = PBXBuildFile; fileRef = 7D0A9167531B2FD40A3EFBA7 /* Pods_OrienteeringQuiz.framework */; };
/* End PBXBuildFile section */

/* Begin PBXContainerItemProxy section */
		8B381701225621C000B6271D /* PBXContainerItemProxy */ = {
			isa = PBXContainerItemProxy;
			containerPortal = 8B3816E4225621BF00B6271D /* Project object */;
			proxyType = 1;
			remoteGlobalIDString = 8B3816EB225621BF00B6271D;
			remoteInfo = OrienteeringQuiz;
		};
		8B38170C225621C000B6271D /* PBXContainerItemProxy */ = {
			isa = PBXContainerItemProxy;
			containerPortal = 8B3816E4225621BF00B6271D /* Project object */;
			proxyType = 1;
			remoteGlobalIDString = 8B3816EB225621BF00B6271D;
			remoteInfo = OrienteeringQuiz;
		};
/* End PBXContainerItemProxy section */

/* Begin PBXFileReference section */
		31A103ADABFF61E7B3DD6605 /* Pods-OrienteeringQuizTests.release.xcconfig */ = {isa = PBXFileReference; includeInIndex = 1; lastKnownFileType = text.xcconfig; name = "Pods-OrienteeringQuizTests.release.xcconfig"; path = "Target Support Files/Pods-OrienteeringQuizTests/Pods-OrienteeringQuizTests.release.xcconfig"; sourceTree = "<group>"; };
		44D3DBC003ACC0C463611876 /* Pods-OrienteeringQuizTests.debug.xcconfig */ = {isa = PBXFileReference; includeInIndex = 1; lastKnownFileType = text.xcconfig; name = "Pods-OrienteeringQuizTests.debug.xcconfig"; path = "Target Support Files/Pods-OrienteeringQuizTests/Pods-OrienteeringQuizTests.debug.xcconfig"; sourceTree = "<group>"; };
		6FBC60520D8EE4E8B7BE438C /* Pods-OrienteeringQuiz.debug.xcconfig */ = {isa = PBXFileReference; includeInIndex = 1; lastKnownFileType = text.xcconfig; name = "Pods-OrienteeringQuiz.debug.xcconfig"; path = "Target Support Files/Pods-OrienteeringQuiz/Pods-OrienteeringQuiz.debug.xcconfig"; sourceTree = "<group>"; };
		709D657395D028F3198AE1DE /* Pods-OrienteeringQuizUITests.release.xcconfig */ = {isa = PBXFileReference; includeInIndex = 1; lastKnownFileType = text.xcconfig; name = "Pods-OrienteeringQuizUITests.release.xcconfig"; path = "Target Support Files/Pods-OrienteeringQuizUITests/Pods-OrienteeringQuizUITests.release.xcconfig"; sourceTree = "<group>"; };
		7D0A9167531B2FD40A3EFBA7 /* Pods_OrienteeringQuiz.framework */ = {isa = PBXFileReference; explicitFileType = wrapper.framework; includeInIndex = 0; path = Pods_OrienteeringQuiz.framework; sourceTree = BUILT_PRODUCTS_DIR; };
		7E9CCFD98EFD287E9955ADDE /* Pods_OrienteeringQuizUITests.framework */ = {isa = PBXFileReference; explicitFileType = wrapper.framework; includeInIndex = 0; path = Pods_OrienteeringQuizUITests.framework; sourceTree = BUILT_PRODUCTS_DIR; };
		7F01DB49B3C477B3C0DEA6B1 /* Pods-OrienteeringQuizUITests.debug.xcconfig */ = {isa = PBXFileReference; includeInIndex = 1; lastKnownFileType = text.xcconfig; name = "Pods-OrienteeringQuizUITests.debug.xcconfig"; path = "Target Support Files/Pods-OrienteeringQuizUITests/Pods-OrienteeringQuizUITests.debug.xcconfig"; sourceTree = "<group>"; };
		8B15E15322860051004270F8 /* Double.swift */ = {isa = PBXFileReference; lastKnownFileType = sourcecode.swift; path = Double.swift; sourceTree = "<group>"; };
		8B3816EC225621BF00B6271D /* OrienteeringQuiz.app */ = {isa = PBXFileReference; explicitFileType = wrapper.application; includeInIndex = 0; path = OrienteeringQuiz.app; sourceTree = BUILT_PRODUCTS_DIR; };
		8B3816EF225621BF00B6271D /* AppDelegate.swift */ = {isa = PBXFileReference; lastKnownFileType = sourcecode.swift; path = AppDelegate.swift; sourceTree = "<group>"; };
		8B3816F4225621BF00B6271D /* Base */ = {isa = PBXFileReference; lastKnownFileType = file.storyboard; name = Base; path = Base.lproj/Main.storyboard; sourceTree = "<group>"; };
		8B3816F6225621C000B6271D /* Assets.xcassets */ = {isa = PBXFileReference; lastKnownFileType = folder.assetcatalog; path = Assets.xcassets; sourceTree = "<group>"; };
		8B3816F9225621C000B6271D /* Base */ = {isa = PBXFileReference; lastKnownFileType = file.storyboard; name = Base; path = Base.lproj/LaunchScreen.storyboard; sourceTree = "<group>"; };
		8B3816FB225621C000B6271D /* Info.plist */ = {isa = PBXFileReference; lastKnownFileType = text.plist.xml; path = Info.plist; sourceTree = "<group>"; };
		8B381700225621C000B6271D /* OrienteeringQuizTests.xctest */ = {isa = PBXFileReference; explicitFileType = wrapper.cfbundle; includeInIndex = 0; path = OrienteeringQuizTests.xctest; sourceTree = BUILT_PRODUCTS_DIR; };
		8B381704225621C000B6271D /* OrienteeringQuizTests.swift */ = {isa = PBXFileReference; lastKnownFileType = sourcecode.swift; path = OrienteeringQuizTests.swift; sourceTree = "<group>"; };
		8B381706225621C000B6271D /* Info.plist */ = {isa = PBXFileReference; lastKnownFileType = text.plist.xml; path = Info.plist; sourceTree = "<group>"; };
		8B38170B225621C000B6271D /* OrienteeringQuizUITests.xctest */ = {isa = PBXFileReference; explicitFileType = wrapper.cfbundle; includeInIndex = 0; path = OrienteeringQuizUITests.xctest; sourceTree = BUILT_PRODUCTS_DIR; };
		8B38170F225621C000B6271D /* OrienteeringQuizUITests.swift */ = {isa = PBXFileReference; lastKnownFileType = sourcecode.swift; path = OrienteeringQuizUITests.swift; sourceTree = "<group>"; };
		8B381711225621C000B6271D /* Info.plist */ = {isa = PBXFileReference; lastKnownFileType = text.plist.xml; path = Info.plist; sourceTree = "<group>"; };
		8B54FCBE2282E9C4005598AF /* designModel.swift */ = {isa = PBXFileReference; lastKnownFileType = sourcecode.swift; path = designModel.swift; sourceTree = "<group>"; };
		8B70216B22770A8E0071A45E /* CreateQuizViewController.swift */ = {isa = PBXFileReference; lastKnownFileType = sourcecode.swift; path = CreateQuizViewController.swift; sourceTree = "<group>"; };
		8B7021A722799BCE0071A45E /* PlayQuizViewController.swift */ = {isa = PBXFileReference; lastKnownFileType = sourcecode.swift; path = PlayQuizViewController.swift; sourceTree = "<group>"; };
		8B7021A92279B3460071A45E /* QuizAnnotation.swift */ = {isa = PBXFileReference; lastKnownFileType = sourcecode.swift; path = QuizAnnotation.swift; sourceTree = "<group>"; };
		8B7021AB2279E40A0071A45E /* QuestionAnnotation.swift */ = {isa = PBXFileReference; lastKnownFileType = sourcecode.swift; path = QuestionAnnotation.swift; sourceTree = "<group>"; };
		8B7A52B6225A52F2003C127F /* GoogleService-Info.plist */ = {isa = PBXFileReference; fileEncoding = 4; lastKnownFileType = text.plist.xml; name = "GoogleService-Info.plist"; path = "../../../../Downloads/GoogleService-Info.plist"; sourceTree = "<group>"; };
		8BCD077C225CCCA5005ED220 /* MapViewController.swift */ = {isa = PBXFileReference; lastKnownFileType = sourcecode.swift; path = MapViewController.swift; sourceTree = "<group>"; };
		8BD4E468225B398100EC4B6F /* FBHelper.swift */ = {isa = PBXFileReference; lastKnownFileType = sourcecode.swift; path = FBHelper.swift; sourceTree = "<group>"; };
		8BD4E46C225B3A9000EC4B6F /* Question.swift */ = {isa = PBXFileReference; lastKnownFileType = sourcecode.swift; path = Question.swift; sourceTree = "<group>"; };
		8BD4E46E225B3DBC00EC4B6F /* Quiz.swift */ = {isa = PBXFileReference; lastKnownFileType = sourcecode.swift; path = Quiz.swift; sourceTree = "<group>"; };
		A771DE323447967B8A56C52E /* Pods_OrienteeringQuizTests.framework */ = {isa = PBXFileReference; explicitFileType = wrapper.framework; includeInIndex = 0; path = Pods_OrienteeringQuizTests.framework; sourceTree = BUILT_PRODUCTS_DIR; };
		C65EBD5E0898B7976EC470B8 /* Pods-OrienteeringQuiz.release.xcconfig */ = {isa = PBXFileReference; includeInIndex = 1; lastKnownFileType = text.xcconfig; name = "Pods-OrienteeringQuiz.release.xcconfig"; path = "Target Support Files/Pods-OrienteeringQuiz/Pods-OrienteeringQuiz.release.xcconfig"; sourceTree = "<group>"; };
/* End PBXFileReference section */

/* Begin PBXFrameworksBuildPhase section */
		8B3816E9225621BF00B6271D /* Frameworks */ = {
			isa = PBXFrameworksBuildPhase;
			buildActionMask = 2147483647;
			files = (
				C73931F5FD1813D2A3A6D4FE /* Pods_OrienteeringQuiz.framework in Frameworks */,
			);
			runOnlyForDeploymentPostprocessing = 0;
		};
		8B3816FD225621C000B6271D /* Frameworks */ = {
			isa = PBXFrameworksBuildPhase;
			buildActionMask = 2147483647;
			files = (
				47F4835EA7B9C62119C66E97 /* Pods_OrienteeringQuizTests.framework in Frameworks */,
			);
			runOnlyForDeploymentPostprocessing = 0;
		};
		8B381708225621C000B6271D /* Frameworks */ = {
			isa = PBXFrameworksBuildPhase;
			buildActionMask = 2147483647;
			files = (
				5F874B05AA1E5BA8B272ADAF /* Pods_OrienteeringQuizUITests.framework in Frameworks */,
			);
			runOnlyForDeploymentPostprocessing = 0;
		};
/* End PBXFrameworksBuildPhase section */

/* Begin PBXGroup section */
		2D0A0F8ADA9295C5DFE0B1DA /* Pods */ = {
			isa = PBXGroup;
			children = (
				6FBC60520D8EE4E8B7BE438C /* Pods-OrienteeringQuiz.debug.xcconfig */,
				C65EBD5E0898B7976EC470B8 /* Pods-OrienteeringQuiz.release.xcconfig */,
				44D3DBC003ACC0C463611876 /* Pods-OrienteeringQuizTests.debug.xcconfig */,
				31A103ADABFF61E7B3DD6605 /* Pods-OrienteeringQuizTests.release.xcconfig */,
				7F01DB49B3C477B3C0DEA6B1 /* Pods-OrienteeringQuizUITests.debug.xcconfig */,
				709D657395D028F3198AE1DE /* Pods-OrienteeringQuizUITests.release.xcconfig */,
			);
			path = Pods;
			sourceTree = "<group>";
		};
		8B15E15222860039004270F8 /* New Group */ = {
			isa = PBXGroup;
			children = (
				8B15E15322860051004270F8 /* Double.swift */,
			);
			path = "New Group";
			sourceTree = "<group>";
		};
		8B3816E3225621BF00B6271D = {
			isa = PBXGroup;
			children = (
				8B3816EE225621BF00B6271D /* OrienteeringQuiz */,
				8B381703225621C000B6271D /* OrienteeringQuizTests */,
				8B38170E225621C000B6271D /* OrienteeringQuizUITests */,
				8B3816ED225621BF00B6271D /* Products */,
				2D0A0F8ADA9295C5DFE0B1DA /* Pods */,
				C91F1034BA68AA0B2D87D8BF /* Frameworks */,
			);
			sourceTree = "<group>";
		};
		8B3816ED225621BF00B6271D /* Products */ = {
			isa = PBXGroup;
			children = (
				8B3816EC225621BF00B6271D /* OrienteeringQuiz.app */,
				8B381700225621C000B6271D /* OrienteeringQuizTests.xctest */,
				8B38170B225621C000B6271D /* OrienteeringQuizUITests.xctest */,
			);
			name = Products;
			sourceTree = "<group>";
		};
		8B3816EE225621BF00B6271D /* OrienteeringQuiz */ = {
			isa = PBXGroup;
			children = (
				8B15E15222860039004270F8 /* New Group */,
				8BD4E46B225B3A6200EC4B6F /* Models */,
				8BD4E46A225B3A4400EC4B6F /* Controllers */,
				8B3816EF225621BF00B6271D /* AppDelegate.swift */,
				8B3816F3225621BF00B6271D /* Main.storyboard */,
				8B3816F6225621C000B6271D /* Assets.xcassets */,
				8B3816FB225621C000B6271D /* Info.plist */,
				8B3816F8225621C000B6271D /* LaunchScreen.storyboard */,
				8B7A52B6225A52F2003C127F /* GoogleService-Info.plist */,
			);
			path = OrienteeringQuiz;
			sourceTree = "<group>";
		};
		8B381703225621C000B6271D /* OrienteeringQuizTests */ = {
			isa = PBXGroup;
			children = (
				8B381704225621C000B6271D /* OrienteeringQuizTests.swift */,
				8B381706225621C000B6271D /* Info.plist */,
			);
			path = OrienteeringQuizTests;
			sourceTree = "<group>";
		};
		8B38170E225621C000B6271D /* OrienteeringQuizUITests */ = {
			isa = PBXGroup;
			children = (
				8B38170F225621C000B6271D /* OrienteeringQuizUITests.swift */,
				8B381711225621C000B6271D /* Info.plist */,
			);
			path = OrienteeringQuizUITests;
			sourceTree = "<group>";
		};
		8BD4E46A225B3A4400EC4B6F /* Controllers */ = {
			isa = PBXGroup;
			children = (
				8BCD077C225CCCA5005ED220 /* MapViewController.swift */,
				8B70216B22770A8E0071A45E /* CreateQuizViewController.swift */,
				8B7021A722799BCE0071A45E /* PlayQuizViewController.swift */,
			);
			path = Controllers;
			sourceTree = "<group>";
		};
		8BD4E46B225B3A6200EC4B6F /* Models */ = {
			isa = PBXGroup;
			children = (
				8BD4E468225B398100EC4B6F /* FBHelper.swift */,
				8BD4E46C225B3A9000EC4B6F /* Question.swift */,
				8BD4E46E225B3DBC00EC4B6F /* Quiz.swift */,
				8B7021A92279B3460071A45E /* QuizAnnotation.swift */,
				8B7021AB2279E40A0071A45E /* QuestionAnnotation.swift */,
				8B54FCBE2282E9C4005598AF /* designModel.swift */,
			);
			path = Models;
			sourceTree = "<group>";
		};
		C91F1034BA68AA0B2D87D8BF /* Frameworks */ = {
			isa = PBXGroup;
			children = (
				7D0A9167531B2FD40A3EFBA7 /* Pods_OrienteeringQuiz.framework */,
				A771DE323447967B8A56C52E /* Pods_OrienteeringQuizTests.framework */,
				7E9CCFD98EFD287E9955ADDE /* Pods_OrienteeringQuizUITests.framework */,
			);
			name = Frameworks;
			sourceTree = "<group>";
		};
/* End PBXGroup section */

/* Begin PBXNativeTarget section */
		8B3816EB225621BF00B6271D /* OrienteeringQuiz */ = {
			isa = PBXNativeTarget;
			buildConfigurationList = 8B381714225621C000B6271D /* Build configuration list for PBXNativeTarget "OrienteeringQuiz" */;
			buildPhases = (
				2D34BF32E8D2D8534E91AC06 /* [CP] Check Pods Manifest.lock */,
				8B3816E8225621BF00B6271D /* Sources */,
				8B3816E9225621BF00B6271D /* Frameworks */,
				8B3816EA225621BF00B6271D /* Resources */,
				3736B9B93A08BDD220AD2E8A /* [CP] Embed Pods Frameworks */,
			);
			buildRules = (
			);
			dependencies = (
			);
			name = OrienteeringQuiz;
			productName = OrienteeringQuiz;
			productReference = 8B3816EC225621BF00B6271D /* OrienteeringQuiz.app */;
			productType = "com.apple.product-type.application";
		};
		8B3816FF225621C000B6271D /* OrienteeringQuizTests */ = {
			isa = PBXNativeTarget;
			buildConfigurationList = 8B381717225621C000B6271D /* Build configuration list for PBXNativeTarget "OrienteeringQuizTests" */;
			buildPhases = (
				AB16E034D494E2D3C261E648 /* [CP] Check Pods Manifest.lock */,
				8B3816FC225621C000B6271D /* Sources */,
				8B3816FD225621C000B6271D /* Frameworks */,
				8B3816FE225621C000B6271D /* Resources */,
			);
			buildRules = (
			);
			dependencies = (
				8B381702225621C000B6271D /* PBXTargetDependency */,
			);
			name = OrienteeringQuizTests;
			productName = OrienteeringQuizTests;
			productReference = 8B381700225621C000B6271D /* OrienteeringQuizTests.xctest */;
			productType = "com.apple.product-type.bundle.unit-test";
		};
		8B38170A225621C000B6271D /* OrienteeringQuizUITests */ = {
			isa = PBXNativeTarget;
			buildConfigurationList = 8B38171A225621C000B6271D /* Build configuration list for PBXNativeTarget "OrienteeringQuizUITests" */;
			buildPhases = (
				DBE6C87962D95E51E5A0F522 /* [CP] Check Pods Manifest.lock */,
				8B381707225621C000B6271D /* Sources */,
				8B381708225621C000B6271D /* Frameworks */,
				8B381709225621C000B6271D /* Resources */,
			);
			buildRules = (
			);
			dependencies = (
				8B38170D225621C000B6271D /* PBXTargetDependency */,
			);
			name = OrienteeringQuizUITests;
			productName = OrienteeringQuizUITests;
			productReference = 8B38170B225621C000B6271D /* OrienteeringQuizUITests.xctest */;
			productType = "com.apple.product-type.bundle.ui-testing";
		};
/* End PBXNativeTarget section */

/* Begin PBXProject section */
		8B3816E4225621BF00B6271D /* Project object */ = {
			isa = PBXProject;
			attributes = {
				LastSwiftUpdateCheck = 1010;
				LastUpgradeCheck = 1010;
				ORGANIZATIONNAME = "Andreas Kullberg";
				TargetAttributes = {
					8B3816EB225621BF00B6271D = {
						CreatedOnToolsVersion = 10.1;
					};
					8B3816FF225621C000B6271D = {
						CreatedOnToolsVersion = 10.1;
						TestTargetID = 8B3816EB225621BF00B6271D;
					};
					8B38170A225621C000B6271D = {
						CreatedOnToolsVersion = 10.1;
						TestTargetID = 8B3816EB225621BF00B6271D;
					};
				};
			};
			buildConfigurationList = 8B3816E7225621BF00B6271D /* Build configuration list for PBXProject "OrienteeringQuiz" */;
			compatibilityVersion = "Xcode 9.3";
			developmentRegion = en;
			hasScannedForEncodings = 0;
			knownRegions = (
				en,
				Base,
			);
			mainGroup = 8B3816E3225621BF00B6271D;
			productRefGroup = 8B3816ED225621BF00B6271D /* Products */;
			projectDirPath = "";
			projectRoot = "";
			targets = (
				8B3816EB225621BF00B6271D /* OrienteeringQuiz */,
				8B3816FF225621C000B6271D /* OrienteeringQuizTests */,
				8B38170A225621C000B6271D /* OrienteeringQuizUITests */,
			);
		};
/* End PBXProject section */

/* Begin PBXResourcesBuildPhase section */
		8B3816EA225621BF00B6271D /* Resources */ = {
			isa = PBXResourcesBuildPhase;
			buildActionMask = 2147483647;
			files = (
				8B3816FA225621C000B6271D /* LaunchScreen.storyboard in Resources */,
				8B7A52B7225A52F2003C127F /* GoogleService-Info.plist in Resources */,
				8B3816F7225621C000B6271D /* Assets.xcassets in Resources */,
				8B3816F5225621BF00B6271D /* Main.storyboard in Resources */,
			);
			runOnlyForDeploymentPostprocessing = 0;
		};
		8B3816FE225621C000B6271D /* Resources */ = {
			isa = PBXResourcesBuildPhase;
			buildActionMask = 2147483647;
			files = (
			);
			runOnlyForDeploymentPostprocessing = 0;
		};
		8B381709225621C000B6271D /* Resources */ = {
			isa = PBXResourcesBuildPhase;
			buildActionMask = 2147483647;
			files = (
			);
			runOnlyForDeploymentPostprocessing = 0;
		};
/* End PBXResourcesBuildPhase section */

/* Begin PBXShellScriptBuildPhase section */
		2D34BF32E8D2D8534E91AC06 /* [CP] Check Pods Manifest.lock */ = {
			isa = PBXShellScriptBuildPhase;
			buildActionMask = 2147483647;
			files = (
			);
			inputFileListPaths = (
			);
			inputPaths = (
				"${PODS_PODFILE_DIR_PATH}/Podfile.lock",
				"${PODS_ROOT}/Manifest.lock",
			);
			name = "[CP] Check Pods Manifest.lock";
			outputFileListPaths = (
			);
			outputPaths = (
				"$(DERIVED_FILE_DIR)/Pods-OrienteeringQuiz-checkManifestLockResult.txt",
			);
			runOnlyForDeploymentPostprocessing = 0;
			shellPath = /bin/sh;
			shellScript = "diff \"${PODS_PODFILE_DIR_PATH}/Podfile.lock\" \"${PODS_ROOT}/Manifest.lock\" > /dev/null\nif [ $? != 0 ] ; then\n    # print error to STDERR\n    echo \"error: The sandbox is not in sync with the Podfile.lock. Run 'pod install' or update your CocoaPods installation.\" >&2\n    exit 1\nfi\n# This output is used by Xcode 'outputs' to avoid re-running this script phase.\necho \"SUCCESS\" > \"${SCRIPT_OUTPUT_FILE_0}\"\n";
			showEnvVarsInLog = 0;
		};
		3736B9B93A08BDD220AD2E8A /* [CP] Embed Pods Frameworks */ = {
			isa = PBXShellScriptBuildPhase;
			buildActionMask = 2147483647;
			files = (
			);
			inputFileListPaths = (
			);
			inputPaths = (
				"${PODS_ROOT}/Target Support Files/Pods-OrienteeringQuiz/Pods-OrienteeringQuiz-frameworks.sh",
				"${BUILT_PRODUCTS_DIR}/BoringSSL-GRPC/openssl_grpc.framework",
				"${BUILT_PRODUCTS_DIR}/GTMSessionFetcher/GTMSessionFetcher.framework",
				"${BUILT_PRODUCTS_DIR}/GoogleUtilities/GoogleUtilities.framework",
				"${BUILT_PRODUCTS_DIR}/Protobuf/Protobuf.framework",
				"${BUILT_PRODUCTS_DIR}/gRPC-C++/grpcpp.framework",
				"${BUILT_PRODUCTS_DIR}/gRPC-Core/grpc.framework",
				"${BUILT_PRODUCTS_DIR}/leveldb-library/leveldb.framework",
				"${BUILT_PRODUCTS_DIR}/nanopb/nanopb.framework",
			);
			name = "[CP] Embed Pods Frameworks";
			outputFileListPaths = (
			);
			outputPaths = (
				"${TARGET_BUILD_DIR}/${FRAMEWORKS_FOLDER_PATH}/openssl_grpc.framework",
				"${TARGET_BUILD_DIR}/${FRAMEWORKS_FOLDER_PATH}/GTMSessionFetcher.framework",
				"${TARGET_BUILD_DIR}/${FRAMEWORKS_FOLDER_PATH}/GoogleUtilities.framework",
				"${TARGET_BUILD_DIR}/${FRAMEWORKS_FOLDER_PATH}/Protobuf.framework",
				"${TARGET_BUILD_DIR}/${FRAMEWORKS_FOLDER_PATH}/grpcpp.framework",
				"${TARGET_BUILD_DIR}/${FRAMEWORKS_FOLDER_PATH}/grpc.framework",
				"${TARGET_BUILD_DIR}/${FRAMEWORKS_FOLDER_PATH}/leveldb.framework",
				"${TARGET_BUILD_DIR}/${FRAMEWORKS_FOLDER_PATH}/nanopb.framework",
			);
			runOnlyForDeploymentPostprocessing = 0;
			shellPath = /bin/sh;
			shellScript = "\"${PODS_ROOT}/Target Support Files/Pods-OrienteeringQuiz/Pods-OrienteeringQuiz-frameworks.sh\"\n";
			showEnvVarsInLog = 0;
		};
		AB16E034D494E2D3C261E648 /* [CP] Check Pods Manifest.lock */ = {
			isa = PBXShellScriptBuildPhase;
			buildActionMask = 2147483647;
			files = (
			);
			inputFileListPaths = (
			);
			inputPaths = (
				"${PODS_PODFILE_DIR_PATH}/Podfile.lock",
				"${PODS_ROOT}/Manifest.lock",
			);
			name = "[CP] Check Pods Manifest.lock";
			outputFileListPaths = (
			);
			outputPaths = (
				"$(DERIVED_FILE_DIR)/Pods-OrienteeringQuizTests-checkManifestLockResult.txt",
			);
			runOnlyForDeploymentPostprocessing = 0;
			shellPath = /bin/sh;
			shellScript = "diff \"${PODS_PODFILE_DIR_PATH}/Podfile.lock\" \"${PODS_ROOT}/Manifest.lock\" > /dev/null\nif [ $? != 0 ] ; then\n    # print error to STDERR\n    echo \"error: The sandbox is not in sync with the Podfile.lock. Run 'pod install' or update your CocoaPods installation.\" >&2\n    exit 1\nfi\n# This output is used by Xcode 'outputs' to avoid re-running this script phase.\necho \"SUCCESS\" > \"${SCRIPT_OUTPUT_FILE_0}\"\n";
			showEnvVarsInLog = 0;
		};
		DBE6C87962D95E51E5A0F522 /* [CP] Check Pods Manifest.lock */ = {
			isa = PBXShellScriptBuildPhase;
			buildActionMask = 2147483647;
			files = (
			);
			inputFileListPaths = (
			);
			inputPaths = (
				"${PODS_PODFILE_DIR_PATH}/Podfile.lock",
				"${PODS_ROOT}/Manifest.lock",
			);
			name = "[CP] Check Pods Manifest.lock";
			outputFileListPaths = (
			);
			outputPaths = (
				"$(DERIVED_FILE_DIR)/Pods-OrienteeringQuizUITests-checkManifestLockResult.txt",
			);
			runOnlyForDeploymentPostprocessing = 0;
			shellPath = /bin/sh;
			shellScript = "diff \"${PODS_PODFILE_DIR_PATH}/Podfile.lock\" \"${PODS_ROOT}/Manifest.lock\" > /dev/null\nif [ $? != 0 ] ; then\n    # print error to STDERR\n    echo \"error: The sandbox is not in sync with the Podfile.lock. Run 'pod install' or update your CocoaPods installation.\" >&2\n    exit 1\nfi\n# This output is used by Xcode 'outputs' to avoid re-running this script phase.\necho \"SUCCESS\" > \"${SCRIPT_OUTPUT_FILE_0}\"\n";
			showEnvVarsInLog = 0;
		};
/* End PBXShellScriptBuildPhase section */

/* Begin PBXSourcesBuildPhase section */
		8B3816E8225621BF00B6271D /* Sources */ = {
			isa = PBXSourcesBuildPhase;
			buildActionMask = 2147483647;
			files = (
				8B7021AC2279E40A0071A45E /* QuestionAnnotation.swift in Sources */,
				8BD4E469225B398100EC4B6F /* FBHelper.swift in Sources */,
				8B7021A822799BCE0071A45E /* PlayQuizViewController.swift in Sources */,
				8BCD077D225CCCA5005ED220 /* MapViewController.swift in Sources */,
				8B7021AA2279B3460071A45E /* QuizAnnotation.swift in Sources */,
				8BD4E46F225B3DBC00EC4B6F /* Quiz.swift in Sources */,
				8BD4E46D225B3A9000EC4B6F /* Question.swift in Sources */,
				8B54FCBF2282E9C4005598AF /* designModel.swift in Sources */,
				8B3816F0225621BF00B6271D /* AppDelegate.swift in Sources */,
				8B15E15422860051004270F8 /* Double.swift in Sources */,
				8B70216C22770A8E0071A45E /* CreateQuizViewController.swift in Sources */,
			);
			runOnlyForDeploymentPostprocessing = 0;
		};
		8B3816FC225621C000B6271D /* Sources */ = {
			isa = PBXSourcesBuildPhase;
			buildActionMask = 2147483647;
			files = (
				8B381705225621C000B6271D /* OrienteeringQuizTests.swift in Sources */,
			);
			runOnlyForDeploymentPostprocessing = 0;
		};
		8B381707225621C000B6271D /* Sources */ = {
			isa = PBXSourcesBuildPhase;
			buildActionMask = 2147483647;
			files = (
				8B381710225621C000B6271D /* OrienteeringQuizUITests.swift in Sources */,
			);
			runOnlyForDeploymentPostprocessing = 0;
		};
/* End PBXSourcesBuildPhase section */

/* Begin PBXTargetDependency section */
		8B381702225621C000B6271D /* PBXTargetDependency */ = {
			isa = PBXTargetDependency;
			target = 8B3816EB225621BF00B6271D /* OrienteeringQuiz */;
			targetProxy = 8B381701225621C000B6271D /* PBXContainerItemProxy */;
		};
		8B38170D225621C000B6271D /* PBXTargetDependency */ = {
			isa = PBXTargetDependency;
			target = 8B3816EB225621BF00B6271D /* OrienteeringQuiz */;
			targetProxy = 8B38170C225621C000B6271D /* PBXContainerItemProxy */;
		};
/* End PBXTargetDependency section */

/* Begin PBXVariantGroup section */
		8B3816F3225621BF00B6271D /* Main.storyboard */ = {
			isa = PBXVariantGroup;
			children = (
				8B3816F4225621BF00B6271D /* Base */,
			);
			name = Main.storyboard;
			sourceTree = "<group>";
		};
		8B3816F8225621C000B6271D /* LaunchScreen.storyboard */ = {
			isa = PBXVariantGroup;
			children = (
				8B3816F9225621C000B6271D /* Base */,
			);
			name = LaunchScreen.storyboard;
			sourceTree = "<group>";
		};
/* End PBXVariantGroup section */

/* Begin XCBuildConfiguration section */
		8B381712225621C000B6271D /* Debug */ = {
			isa = XCBuildConfiguration;
			buildSettings = {
				ALWAYS_SEARCH_USER_PATHS = NO;
				CLANG_ANALYZER_NONNULL = YES;
				CLANG_ANALYZER_NUMBER_OBJECT_CONVERSION = YES_AGGRESSIVE;
				CLANG_CXX_LANGUAGE_STANDARD = "gnu++14";
				CLANG_CXX_LIBRARY = "libc++";
				CLANG_ENABLE_MODULES = YES;
				CLANG_ENABLE_OBJC_ARC = YES;
				CLANG_ENABLE_OBJC_WEAK = YES;
				CLANG_WARN_BLOCK_CAPTURE_AUTORELEASING = YES;
				CLANG_WARN_BOOL_CONVERSION = YES;
				CLANG_WARN_COMMA = YES;
				CLANG_WARN_CONSTANT_CONVERSION = YES;
				CLANG_WARN_DEPRECATED_OBJC_IMPLEMENTATIONS = YES;
				CLANG_WARN_DIRECT_OBJC_ISA_USAGE = YES_ERROR;
				CLANG_WARN_DOCUMENTATION_COMMENTS = YES;
				CLANG_WARN_EMPTY_BODY = YES;
				CLANG_WARN_ENUM_CONVERSION = YES;
				CLANG_WARN_INFINITE_RECURSION = YES;
				CLANG_WARN_INT_CONVERSION = YES;
				CLANG_WARN_NON_LITERAL_NULL_CONVERSION = YES;
				CLANG_WARN_OBJC_IMPLICIT_RETAIN_SELF = YES;
				CLANG_WARN_OBJC_LITERAL_CONVERSION = YES;
				CLANG_WARN_OBJC_ROOT_CLASS = YES_ERROR;
				CLANG_WARN_RANGE_LOOP_ANALYSIS = YES;
				CLANG_WARN_STRICT_PROTOTYPES = YES;
				CLANG_WARN_SUSPICIOUS_MOVE = YES;
				CLANG_WARN_UNGUARDED_AVAILABILITY = YES_AGGRESSIVE;
				CLANG_WARN_UNREACHABLE_CODE = YES;
				CLANG_WARN__DUPLICATE_METHOD_MATCH = YES;
				CODE_SIGN_IDENTITY = "iPhone Developer";
				COPY_PHASE_STRIP = NO;
				DEBUG_INFORMATION_FORMAT = dwarf;
				ENABLE_STRICT_OBJC_MSGSEND = YES;
				ENABLE_TESTABILITY = YES;
				GCC_C_LANGUAGE_STANDARD = gnu11;
				GCC_DYNAMIC_NO_PIC = NO;
				GCC_NO_COMMON_BLOCKS = YES;
				GCC_OPTIMIZATION_LEVEL = 0;
				GCC_PREPROCESSOR_DEFINITIONS = (
					"DEBUG=1",
					"$(inherited)",
				);
				GCC_WARN_64_TO_32_BIT_CONVERSION = YES;
				GCC_WARN_ABOUT_RETURN_TYPE = YES_ERROR;
				GCC_WARN_UNDECLARED_SELECTOR = YES;
				GCC_WARN_UNINITIALIZED_AUTOS = YES_AGGRESSIVE;
				GCC_WARN_UNUSED_FUNCTION = YES;
				GCC_WARN_UNUSED_VARIABLE = YES;
				IPHONEOS_DEPLOYMENT_TARGET = 12.1;
				MTL_ENABLE_DEBUG_INFO = INCLUDE_SOURCE;
				MTL_FAST_MATH = YES;
				ONLY_ACTIVE_ARCH = YES;
				SDKROOT = iphoneos;
				SWIFT_ACTIVE_COMPILATION_CONDITIONS = DEBUG;
				SWIFT_OPTIMIZATION_LEVEL = "-Onone";
			};
			name = Debug;
		};
		8B381713225621C000B6271D /* Release */ = {
			isa = XCBuildConfiguration;
			buildSettings = {
				ALWAYS_SEARCH_USER_PATHS = NO;
				CLANG_ANALYZER_NONNULL = YES;
				CLANG_ANALYZER_NUMBER_OBJECT_CONVERSION = YES_AGGRESSIVE;
				CLANG_CXX_LANGUAGE_STANDARD = "gnu++14";
				CLANG_CXX_LIBRARY = "libc++";
				CLANG_ENABLE_MODULES = YES;
				CLANG_ENABLE_OBJC_ARC = YES;
				CLANG_ENABLE_OBJC_WEAK = YES;
				CLANG_WARN_BLOCK_CAPTURE_AUTORELEASING = YES;
				CLANG_WARN_BOOL_CONVERSION = YES;
				CLANG_WARN_COMMA = YES;
				CLANG_WARN_CONSTANT_CONVERSION = YES;
				CLANG_WARN_DEPRECATED_OBJC_IMPLEMENTATIONS = YES;
				CLANG_WARN_DIRECT_OBJC_ISA_USAGE = YES_ERROR;
				CLANG_WARN_DOCUMENTATION_COMMENTS = YES;
				CLANG_WARN_EMPTY_BODY = YES;
				CLANG_WARN_ENUM_CONVERSION = YES;
				CLANG_WARN_INFINITE_RECURSION = YES;
				CLANG_WARN_INT_CONVERSION = YES;
				CLANG_WARN_NON_LITERAL_NULL_CONVERSION = YES;
				CLANG_WARN_OBJC_IMPLICIT_RETAIN_SELF = YES;
				CLANG_WARN_OBJC_LITERAL_CONVERSION = YES;
				CLANG_WARN_OBJC_ROOT_CLASS = YES_ERROR;
				CLANG_WARN_RANGE_LOOP_ANALYSIS = YES;
				CLANG_WARN_STRICT_PROTOTYPES = YES;
				CLANG_WARN_SUSPICIOUS_MOVE = YES;
				CLANG_WARN_UNGUARDED_AVAILABILITY = YES_AGGRESSIVE;
				CLANG_WARN_UNREACHABLE_CODE = YES;
				CLANG_WARN__DUPLICATE_METHOD_MATCH = YES;
				CODE_SIGN_IDENTITY = "iPhone Developer";
				COPY_PHASE_STRIP = NO;
				DEBUG_INFORMATION_FORMAT = "dwarf-with-dsym";
				ENABLE_NS_ASSERTIONS = NO;
				ENABLE_STRICT_OBJC_MSGSEND = YES;
				GCC_C_LANGUAGE_STANDARD = gnu11;
				GCC_NO_COMMON_BLOCKS = YES;
				GCC_WARN_64_TO_32_BIT_CONVERSION = YES;
				GCC_WARN_ABOUT_RETURN_TYPE = YES_ERROR;
				GCC_WARN_UNDECLARED_SELECTOR = YES;
				GCC_WARN_UNINITIALIZED_AUTOS = YES_AGGRESSIVE;
				GCC_WARN_UNUSED_FUNCTION = YES;
				GCC_WARN_UNUSED_VARIABLE = YES;
				IPHONEOS_DEPLOYMENT_TARGET = 12.1;
				MTL_ENABLE_DEBUG_INFO = NO;
				MTL_FAST_MATH = YES;
				SDKROOT = iphoneos;
				SWIFT_COMPILATION_MODE = wholemodule;
				SWIFT_OPTIMIZATION_LEVEL = "-O";
				VALIDATE_PRODUCT = YES;
			};
			name = Release;
		};
		8B381715225621C000B6271D /* Debug */ = {
			isa = XCBuildConfiguration;
			baseConfigurationReference = 6FBC60520D8EE4E8B7BE438C /* Pods-OrienteeringQuiz.debug.xcconfig */;
			buildSettings = {
				ASSETCATALOG_COMPILER_APPICON_NAME = AppIcon;
				CODE_SIGN_STYLE = Automatic;
				DEVELOPMENT_TEAM = 73X6L645X4;
				INFOPLIST_FILE = OrienteeringQuiz/Info.plist;
				IPHONEOS_DEPLOYMENT_TARGET = 12.2;
				LD_RUNPATH_SEARCH_PATHS = (
					"$(inherited)",
					"@executable_path/Frameworks",
				);
				PRODUCT_BUNDLE_IDENTIFIER = Andreas.OrienteeringQuiz;
				PRODUCT_NAME = "$(TARGET_NAME)";
				SWIFT_VERSION = 4.2;
				TARGETED_DEVICE_FAMILY = "1,2";
			};
			name = Debug;
		};
		8B381716225621C000B6271D /* Release */ = {
			isa = XCBuildConfiguration;
			baseConfigurationReference = C65EBD5E0898B7976EC470B8 /* Pods-OrienteeringQuiz.release.xcconfig */;
			buildSettings = {
				ASSETCATALOG_COMPILER_APPICON_NAME = AppIcon;
				CODE_SIGN_STYLE = Automatic;
				DEVELOPMENT_TEAM = 73X6L645X4;
				INFOPLIST_FILE = OrienteeringQuiz/Info.plist;
				IPHONEOS_DEPLOYMENT_TARGET = 12.2;
				LD_RUNPATH_SEARCH_PATHS = (
					"$(inherited)",
					"@executable_path/Frameworks",
				);
				PRODUCT_BUNDLE_IDENTIFIER = Andreas.OrienteeringQuiz;
				PRODUCT_NAME = "$(TARGET_NAME)";
				SWIFT_VERSION = 4.2;
				TARGETED_DEVICE_FAMILY = "1,2";
			};
			name = Release;
		};
		8B381718225621C000B6271D /* Debug */ = {
			isa = XCBuildConfiguration;
			baseConfigurationReference = 44D3DBC003ACC0C463611876 /* Pods-OrienteeringQuizTests.debug.xcconfig */;
			buildSettings = {
				ALWAYS_EMBED_SWIFT_STANDARD_LIBRARIES = YES;
				BUNDLE_LOADER = "$(TEST_HOST)";
				CODE_SIGN_STYLE = Automatic;
				INFOPLIST_FILE = OrienteeringQuizTests/Info.plist;
				LD_RUNPATH_SEARCH_PATHS = (
					"$(inherited)",
					"@executable_path/Frameworks",
					"@loader_path/Frameworks",
				);
				PRODUCT_BUNDLE_IDENTIFIER = Andreas.OrienteeringQuizTests;
				PRODUCT_NAME = "$(TARGET_NAME)";
				SWIFT_VERSION = 4.2;
				TARGETED_DEVICE_FAMILY = "1,2";
				TEST_HOST = "$(BUILT_PRODUCTS_DIR)/OrienteeringQuiz.app/OrienteeringQuiz";
			};
			name = Debug;
		};
		8B381719225621C000B6271D /* Release */ = {
			isa = XCBuildConfiguration;
			baseConfigurationReference = 31A103ADABFF61E7B3DD6605 /* Pods-OrienteeringQuizTests.release.xcconfig */;
			buildSettings = {
				ALWAYS_EMBED_SWIFT_STANDARD_LIBRARIES = YES;
				BUNDLE_LOADER = "$(TEST_HOST)";
				CODE_SIGN_STYLE = Automatic;
				INFOPLIST_FILE = OrienteeringQuizTests/Info.plist;
				LD_RUNPATH_SEARCH_PATHS = (
					"$(inherited)",
					"@executable_path/Frameworks",
					"@loader_path/Frameworks",
				);
				PRODUCT_BUNDLE_IDENTIFIER = Andreas.OrienteeringQuizTests;
				PRODUCT_NAME = "$(TARGET_NAME)";
				SWIFT_VERSION = 4.2;
				TARGETED_DEVICE_FAMILY = "1,2";
				TEST_HOST = "$(BUILT_PRODUCTS_DIR)/OrienteeringQuiz.app/OrienteeringQuiz";
			};
			name = Release;
		};
		8B38171B225621C000B6271D /* Debug */ = {
			isa = XCBuildConfiguration;
			baseConfigurationReference = 7F01DB49B3C477B3C0DEA6B1 /* Pods-OrienteeringQuizUITests.debug.xcconfig */;
			buildSettings = {
				ALWAYS_EMBED_SWIFT_STANDARD_LIBRARIES = YES;
				CODE_SIGN_STYLE = Automatic;
				INFOPLIST_FILE = OrienteeringQuizUITests/Info.plist;
				LD_RUNPATH_SEARCH_PATHS = (
					"$(inherited)",
					"@executable_path/Frameworks",
					"@loader_path/Frameworks",
				);
				PRODUCT_BUNDLE_IDENTIFIER = Andreas.OrienteeringQuizUITests;
				PRODUCT_NAME = "$(TARGET_NAME)";
				SWIFT_VERSION = 4.2;
				TARGETED_DEVICE_FAMILY = "1,2";
				TEST_TARGET_NAME = OrienteeringQuiz;
			};
			name = Debug;
		};
		8B38171C225621C000B6271D /* Release */ = {
			isa = XCBuildConfiguration;
			baseConfigurationReference = 709D657395D028F3198AE1DE /* Pods-OrienteeringQuizUITests.release.xcconfig */;
			buildSettings = {
				ALWAYS_EMBED_SWIFT_STANDARD_LIBRARIES = YES;
				CODE_SIGN_STYLE = Automatic;
				INFOPLIST_FILE = OrienteeringQuizUITests/Info.plist;
				LD_RUNPATH_SEARCH_PATHS = (
					"$(inherited)",
					"@executable_path/Frameworks",
					"@loader_path/Frameworks",
				);
				PRODUCT_BUNDLE_IDENTIFIER = Andreas.OrienteeringQuizUITests;
				PRODUCT_NAME = "$(TARGET_NAME)";
				SWIFT_VERSION = 4.2;
				TARGETED_DEVICE_FAMILY = "1,2";
				TEST_TARGET_NAME = OrienteeringQuiz;
			};
			name = Release;
		};
/* End XCBuildConfiguration section */

/* Begin XCConfigurationList section */
		8B3816E7225621BF00B6271D /* Build configuration list for PBXProject "OrienteeringQuiz" */ = {
			isa = XCConfigurationList;
			buildConfigurations = (
				8B381712225621C000B6271D /* Debug */,
				8B381713225621C000B6271D /* Release */,
			);
			defaultConfigurationIsVisible = 0;
			defaultConfigurationName = Release;
		};
		8B381714225621C000B6271D /* Build configuration list for PBXNativeTarget "OrienteeringQuiz" */ = {
			isa = XCConfigurationList;
			buildConfigurations = (
				8B381715225621C000B6271D /* Debug */,
				8B381716225621C000B6271D /* Release */,
			);
			defaultConfigurationIsVisible = 0;
			defaultConfigurationName = Release;
		};
		8B381717225621C000B6271D /* Build configuration list for PBXNativeTarget "OrienteeringQuizTests" */ = {
			isa = XCConfigurationList;
			buildConfigurations = (
				8B381718225621C000B6271D /* Debug */,
				8B381719225621C000B6271D /* Release */,
			);
			defaultConfigurationIsVisible = 0;
			defaultConfigurationName = Release;
		};
		8B38171A225621C000B6271D /* Build configuration list for PBXNativeTarget "OrienteeringQuizUITests" */ = {
			isa = XCConfigurationList;
			buildConfigurations = (
				8B38171B225621C000B6271D /* Debug */,
				8B38171C225621C000B6271D /* Release */,
			);
			defaultConfigurationIsVisible = 0;
			defaultConfigurationName = Release;
		};
/* End XCConfigurationList section */
	};
	rootObject = 8B3816E4225621BF00B6271D /* Project object */;
}
